# This file is autogenerated, do not edit; changes may be undone by the next 'dep ensure'.


[[projects]]
  name = "github.com/influxdata/influxdb"
  packages = ["client/v2","models","pkg/escape"]
  revision = "698dbc789aff13c2678357a6b93ff73dd7136571"
  version = "v1.7.3"

[[projects]]
  name = "github.com/influxdata/platform"
  packages = ["models","pkg/escape"]
  revision = "0f79e4ea3248354c789cba274542e0a8e55971db"

[[projects]]
  branch = "master"
  name = "github.com/osunac/go-httplogger"
  packages = ["."]
  revision = "c938b2e071fb6deaaa98bba52daa3fcf195474e0"

[solve-meta]
  analyzer-name = "dep"
  analyzer-version = 1
  inputs-digest = "24becc08cf93b14ceeea137aa4655605201258e30b514df0f45dc36338c5526f"
  solver-name = "gps-cdcl"
  solver-version = 1
