# This file is autogenerated, do not edit; changes may be undone by the next 'dep ensure'.


[[projects]]
  name = "github.com/influxdata/influxdb"
  packages = ["client/v2","models","pkg/escape"]
  revision = "698dbc789aff13c2678357a6b93ff73dd7136571"
  version = "v1.7.3"

[[projects]]
  name = "github.com/influxdata/platform"
  packages = ["models","pkg/escape"]
  revision = "0f79e4ea3248354c789cba274542e0a8e55971db"

[[projects]]
  branch = "master"
  name = "github.com/jasonlvhit/gocron"
  packages = ["."]
  revision = "6771d4b492ba2d5f57919c04b4cddb3735365120"

[[projects]]
  branch = "master"
  name = "github.com/osunac/go-httplogger"
  packages = ["."]
  revision = "c938b2e071fb6deaaa98bba52daa3fcf195474e0"

[solve-meta]
  analyzer-name = "dep"
  analyzer-version = 1
  inputs-digest = "af1664c0a2b6abb710d26425847f06acf3b744a5f8e5de62d6b9e972316fa12d"
  solver-name = "gps-cdcl"
  solver-version = 1
